// !$*UTF8*$!
{
	archiveVersion = 1;
	classes = {
	};
	objectVersion = 50;
	objects = {

/* Begin PBXBuildFile section */
		26C6132E21466DF300A7FD6E /* AppDelegate.swift in Sources */ = {isa = PBXBuildFile; fileRef = 26C6132D21466DF300A7FD6E /* AppDelegate.swift */; };
		26C6133021466DF300A7FD6E /* GameViewController.swift in Sources */ = {isa = PBXBuildFile; fileRef = 26C6132F21466DF300A7FD6E /* GameViewController.swift */; };
		26C6133321466DF300A7FD6E /* Main.storyboard in Resources */ = {isa = PBXBuildFile; fileRef = 26C6133121466DF300A7FD6E /* Main.storyboard */; };
		26C6133621466DF300A7FD6E /* LaunchScreen.storyboard in Resources */ = {isa = PBXBuildFile; fileRef = 26C6133421466DF300A7FD6E /* LaunchScreen.storyboard */; };
		26C6133F21466DF300A7FD6E /* AppDelegate.swift in Sources */ = {isa = PBXBuildFile; fileRef = 26C6133E21466DF300A7FD6E /* AppDelegate.swift */; };
		26C6134121466DF300A7FD6E /* GameViewController.swift in Sources */ = {isa = PBXBuildFile; fileRef = 26C6134021466DF300A7FD6E /* GameViewController.swift */; };
		26C6134421466DF300A7FD6E /* Main.storyboard in Resources */ = {isa = PBXBuildFile; fileRef = 26C6134221466DF300A7FD6E /* Main.storyboard */; };
		26C6134621466DF300A7FD6E /* Shaders.metal in Sources */ = {isa = PBXBuildFile; fileRef = 26C6132221466DF300A7FD6E /* Shaders.metal */; };
		26C6134721466DF300A7FD6E /* Shaders.metal in Sources */ = {isa = PBXBuildFile; fileRef = 26C6132221466DF300A7FD6E /* Shaders.metal */; };
		26C6134821466DF300A7FD6E /* Renderer.swift in Sources */ = {isa = PBXBuildFile; fileRef = 26C6132321466DF300A7FD6E /* Renderer.swift */; };
		26C6134921466DF300A7FD6E /* Renderer.swift in Sources */ = {isa = PBXBuildFile; fileRef = 26C6132321466DF300A7FD6E /* Renderer.swift */; };
		26C6134A21466DF300A7FD6E /* ShaderTypes.h in Resources */ = {isa = PBXBuildFile; fileRef = 26C6132421466DF300A7FD6E /* ShaderTypes.h */; };
		26C6134B21466DF300A7FD6E /* ShaderTypes.h in Resources */ = {isa = PBXBuildFile; fileRef = 26C6132421466DF300A7FD6E /* ShaderTypes.h */; };
		26C6134C21466DF300A7FD6E /* Assets.xcassets in Resources */ = {isa = PBXBuildFile; fileRef = 26C6132521466DF300A7FD6E /* Assets.xcassets */; };
		26C6134D21466DF300A7FD6E /* Assets.xcassets in Resources */ = {isa = PBXBuildFile; fileRef = 26C6132521466DF300A7FD6E /* Assets.xcassets */; };
		26C613692148E5B700A7FD6E /* CharacterShader.metal in Sources */ = {isa = PBXBuildFile; fileRef = 26C613682148E5B700A7FD6E /* CharacterShader.metal */; };
		26C6136A2148E5B700A7FD6E /* CharacterShader.metal in Sources */ = {isa = PBXBuildFile; fileRef = 26C613682148E5B700A7FD6E /* CharacterShader.metal */; };
		26C6136F2148E79600A7FD6E /* Camera.swift in Sources */ = {isa = PBXBuildFile; fileRef = 26C6136E2148E79600A7FD6E /* Camera.swift */; };
		26C613702148E79600A7FD6E /* Camera.swift in Sources */ = {isa = PBXBuildFile; fileRef = 26C6136E2148E79600A7FD6E /* Camera.swift */; };
		26C613722148E89000A7FD6E /* Node.swift in Sources */ = {isa = PBXBuildFile; fileRef = 26C613712148E89000A7FD6E /* Node.swift */; };
		26C613732148E89000A7FD6E /* Node.swift in Sources */ = {isa = PBXBuildFile; fileRef = 26C613712148E89000A7FD6E /* Node.swift */; };
		26C613752148E94E00A7FD6E /* MathLibrary.swift in Sources */ = {isa = PBXBuildFile; fileRef = 26C613742148E94E00A7FD6E /* MathLibrary.swift */; };
		26C613762148E94E00A7FD6E /* MathLibrary.swift in Sources */ = {isa = PBXBuildFile; fileRef = 26C613742148E94E00A7FD6E /* MathLibrary.swift */; };
		26C613A2214A57E300A7FD6E /* skeletonWave.bin in Resources */ = {isa = PBXBuildFile; fileRef = 26C6137B214A57E300A7FD6E /* skeletonWave.bin */; };
		26C613A3214A57E300A7FD6E /* skeletonWave.bin in Resources */ = {isa = PBXBuildFile; fileRef = 26C6137B214A57E300A7FD6E /* skeletonWave.bin */; };
		26C613A4214A57E300A7FD6E /* skeletonWave.gltf in Resources */ = {isa = PBXBuildFile; fileRef = 26C6137C214A57E300A7FD6E /* skeletonWave.gltf */; };
		26C613A5214A57E300A7FD6E /* skeletonWave.gltf in Resources */ = {isa = PBXBuildFile; fileRef = 26C6137C214A57E300A7FD6E /* skeletonWave.gltf */; };
		26C613A6214A57E300A7FD6E /* BrainStem.gltf in Resources */ = {isa = PBXBuildFile; fileRef = 26C6137E214A57E300A7FD6E /* BrainStem.gltf */; };
		26C613A7214A57E300A7FD6E /* BrainStem.gltf in Resources */ = {isa = PBXBuildFile; fileRef = 26C6137E214A57E300A7FD6E /* BrainStem.gltf */; };
		26C613E2214A57E300A7FD6E /* readme_kizunaai.txt in Resources */ = {isa = PBXBuildFile; fileRef = 26C613A1214A57E300A7FD6E /* readme_kizunaai.txt */; };
		26C613E3214A57E300A7FD6E /* readme_kizunaai.txt in Resources */ = {isa = PBXBuildFile; fileRef = 26C613A1214A57E300A7FD6E /* readme_kizunaai.txt */; };
		26C613E5214A59E300A7FD6E /* Renderable.swift in Sources */ = {isa = PBXBuildFile; fileRef = 26C613E4214A59E300A7FD6E /* Renderable.swift */; };
		26C613E6214A59E300A7FD6E /* Renderable.swift in Sources */ = {isa = PBXBuildFile; fileRef = 26C613E4214A59E300A7FD6E /* Renderable.swift */; };
		26C613E8214A5A0600A7FD6E /* Character.swift in Sources */ = {isa = PBXBuildFile; fileRef = 26C613E7214A5A0600A7FD6E /* Character.swift */; };
		26C613E9214A5A0600A7FD6E /* Character.swift in Sources */ = {isa = PBXBuildFile; fileRef = 26C613E7214A5A0600A7FD6E /* Character.swift */; };
		26C613EB214A5A1D00A7FD6E /* Submesh.swift in Sources */ = {isa = PBXBuildFile; fileRef = 26C613EA214A5A1D00A7FD6E /* Submesh.swift */; };
		26C613EC214A5A1D00A7FD6E /* Submesh.swift in Sources */ = {isa = PBXBuildFile; fileRef = 26C613EA214A5A1D00A7FD6E /* Submesh.swift */; };
		26C613EE214A5A9100A7FD6E /* Prop.swift in Sources */ = {isa = PBXBuildFile; fileRef = 26C613ED214A5A9100A7FD6E /* Prop.swift */; };
		26C613EF214A5A9100A7FD6E /* Prop.swift in Sources */ = {isa = PBXBuildFile; fileRef = 26C613ED214A5A9100A7FD6E /* Prop.swift */; };
		26C613F4214A5AE400A7FD6E /* GLTFMathLibrary.swift in Sources */ = {isa = PBXBuildFile; fileRef = 26C613F1214A5AE400A7FD6E /* GLTFMathLibrary.swift */; };
		26C613F5214A5AE400A7FD6E /* GLTFMathLibrary.swift in Sources */ = {isa = PBXBuildFile; fileRef = 26C613F1214A5AE400A7FD6E /* GLTFMathLibrary.swift */; };
		26C613F6214A5AE400A7FD6E /* GLTFAsset.swift in Sources */ = {isa = PBXBuildFile; fileRef = 26C613F2214A5AE400A7FD6E /* GLTFAsset.swift */; };
		26C613F7214A5AE400A7FD6E /* GLTFAsset.swift in Sources */ = {isa = PBXBuildFile; fileRef = 26C613F2214A5AE400A7FD6E /* GLTFAsset.swift */; };
		26C613F8214A5AE400A7FD6E /* GLTFTypes.swift in Sources */ = {isa = PBXBuildFile; fileRef = 26C613F3214A5AE400A7FD6E /* GLTFTypes.swift */; };
		26C613F9214A5AE400A7FD6E /* GLTFTypes.swift in Sources */ = {isa = PBXBuildFile; fileRef = 26C613F3214A5AE400A7FD6E /* GLTFTypes.swift */; };
		26C613FB214A5BAB00A7FD6E /* Animation.swift in Sources */ = {isa = PBXBuildFile; fileRef = 26C613FA214A5BAB00A7FD6E /* Animation.swift */; };
		26C613FC214A5BAB00A7FD6E /* Animation.swift in Sources */ = {isa = PBXBuildFile; fileRef = 26C613FA214A5BAB00A7FD6E /* Animation.swift */; };
		26C613FE214A5BC600A7FD6E /* Texturable.swift in Sources */ = {isa = PBXBuildFile; fileRef = 26C613FD214A5BC600A7FD6E /* Texturable.swift */; };
		26C613FF214A5BC600A7FD6E /* Texturable.swift in Sources */ = {isa = PBXBuildFile; fileRef = 26C613FD214A5BC600A7FD6E /* Texturable.swift */; };
/* End PBXBuildFile section */

/* Begin PBXFileReference section */
		26C6132221466DF300A7FD6E /* Shaders.metal */ = {isa = PBXFileReference; lastKnownFileType = sourcecode.metal; path = Shaders.metal; sourceTree = "<group>"; };
		26C6132321466DF300A7FD6E /* Renderer.swift */ = {isa = PBXFileReference; lastKnownFileType = sourcecode.swift; path = Renderer.swift; sourceTree = "<group>"; };
		26C6132421466DF300A7FD6E /* ShaderTypes.h */ = {isa = PBXFileReference; lastKnownFileType = sourcecode.c.h; path = ShaderTypes.h; sourceTree = "<group>"; };
		26C6132521466DF300A7FD6E /* Assets.xcassets */ = {isa = PBXFileReference; lastKnownFileType = folder.assetcatalog; path = Assets.xcassets; sourceTree = "<group>"; };
		26C6132A21466DF300A7FD6E /* AMglTF.app */ = {isa = PBXFileReference; explicitFileType = wrapper.application; includeInIndex = 0; path = AMglTF.app; sourceTree = BUILT_PRODUCTS_DIR; };
		26C6132D21466DF300A7FD6E /* AppDelegate.swift */ = {isa = PBXFileReference; lastKnownFileType = sourcecode.swift; path = AppDelegate.swift; sourceTree = "<group>"; };
		26C6132F21466DF300A7FD6E /* GameViewController.swift */ = {isa = PBXFileReference; lastKnownFileType = sourcecode.swift; path = GameViewController.swift; sourceTree = "<group>"; };
		26C6133221466DF300A7FD6E /* Base */ = {isa = PBXFileReference; lastKnownFileType = file.storyboard; name = Base; path = Base.lproj/Main.storyboard; sourceTree = "<group>"; };
		26C6133521466DF300A7FD6E /* Base */ = {isa = PBXFileReference; lastKnownFileType = file.storyboard; name = Base; path = Base.lproj/LaunchScreen.storyboard; sourceTree = "<group>"; };
		26C6133721466DF300A7FD6E /* Info.plist */ = {isa = PBXFileReference; lastKnownFileType = text.plist.xml; path = Info.plist; sourceTree = "<group>"; };
		26C6133C21466DF300A7FD6E /* AMglTF.app */ = {isa = PBXFileReference; explicitFileType = wrapper.application; includeInIndex = 0; path = AMglTF.app; sourceTree = BUILT_PRODUCTS_DIR; };
		26C6133E21466DF300A7FD6E /* AppDelegate.swift */ = {isa = PBXFileReference; lastKnownFileType = sourcecode.swift; path = AppDelegate.swift; sourceTree = "<group>"; };
		26C6134021466DF300A7FD6E /* GameViewController.swift */ = {isa = PBXFileReference; lastKnownFileType = sourcecode.swift; path = GameViewController.swift; sourceTree = "<group>"; };
		26C6134321466DF300A7FD6E /* Base */ = {isa = PBXFileReference; lastKnownFileType = file.storyboard; name = Base; path = Base.lproj/Main.storyboard; sourceTree = "<group>"; };
		26C6134521466DF300A7FD6E /* Info.plist */ = {isa = PBXFileReference; lastKnownFileType = text.plist.xml; path = Info.plist; sourceTree = "<group>"; };
		26C613582147EBBD00A7FD6E /* ko */ = {isa = PBXFileReference; lastKnownFileType = text.plist.strings; name = ko; path = ko.lproj/Main.strings; sourceTree = "<group>"; };
		26C613592147EBBD00A7FD6E /* ko */ = {isa = PBXFileReference; lastKnownFileType = text.plist.strings; name = ko; path = ko.lproj/LaunchScreen.strings; sourceTree = "<group>"; };
		26C6135A2147EBBE00A7FD6E /* ko */ = {isa = PBXFileReference; lastKnownFileType = text.plist.strings; name = ko; path = ko.lproj/Main.strings; sourceTree = "<group>"; };
		26C613682148E5B700A7FD6E /* CharacterShader.metal */ = {isa = PBXFileReference; lastKnownFileType = sourcecode.metal; path = CharacterShader.metal; sourceTree = "<group>"; };
		26C6136E2148E79600A7FD6E /* Camera.swift */ = {isa = PBXFileReference; lastKnownFileType = sourcecode.swift; path = Camera.swift; sourceTree = "<group>"; };
		26C613712148E89000A7FD6E /* Node.swift */ = {isa = PBXFileReference; lastKnownFileType = sourcecode.swift; path = Node.swift; sourceTree = "<group>"; };
		26C613742148E94E00A7FD6E /* MathLibrary.swift */ = {isa = PBXFileReference; lastKnownFileType = sourcecode.swift; path = MathLibrary.swift; sourceTree = "<group>"; };
		26C6137B214A57E300A7FD6E /* skeletonWave.bin */ = {isa = PBXFileReference; lastKnownFileType = archive.macbinary; path = skeletonWave.bin; sourceTree = "<group>"; };
		26C6137C214A57E300A7FD6E /* skeletonWave.gltf */ = {isa = PBXFileReference; fileEncoding = 4; lastKnownFileType = text; path = skeletonWave.gltf; sourceTree = "<group>"; };
		26C6137E214A57E300A7FD6E /* BrainStem.gltf */ = {isa = PBXFileReference; fileEncoding = 4; lastKnownFileType = text; path = BrainStem.gltf; sourceTree = "<group>"; };
		26C613A1214A57E300A7FD6E /* readme_kizunaai.txt */ = {isa = PBXFileReference; fileEncoding = 4; lastKnownFileType = text; path = readme_kizunaai.txt; sourceTree = "<group>"; };
		26C613E4214A59E300A7FD6E /* Renderable.swift */ = {isa = PBXFileReference; lastKnownFileType = sourcecode.swift; path = Renderable.swift; sourceTree = "<group>"; };
		26C613E7214A5A0600A7FD6E /* Character.swift */ = {isa = PBXFileReference; lastKnownFileType = sourcecode.swift; path = Character.swift; sourceTree = "<group>"; };
		26C613EA214A5A1D00A7FD6E /* Submesh.swift */ = {isa = PBXFileReference; lastKnownFileType = sourcecode.swift; path = Submesh.swift; sourceTree = "<group>"; };
		26C613ED214A5A9100A7FD6E /* Prop.swift */ = {isa = PBXFileReference; lastKnownFileType = sourcecode.swift; path = Prop.swift; sourceTree = "<group>"; };
		26C613F1214A5AE400A7FD6E /* GLTFMathLibrary.swift */ = {isa = PBXFileReference; fileEncoding = 4; lastKnownFileType = sourcecode.swift; path = GLTFMathLibrary.swift; sourceTree = "<group>"; };
		26C613F2214A5AE400A7FD6E /* GLTFAsset.swift */ = {isa = PBXFileReference; fileEncoding = 4; lastKnownFileType = sourcecode.swift; path = GLTFAsset.swift; sourceTree = "<group>"; };
		26C613F3214A5AE400A7FD6E /* GLTFTypes.swift */ = {isa = PBXFileReference; fileEncoding = 4; lastKnownFileType = sourcecode.swift; path = GLTFTypes.swift; sourceTree = "<group>"; };
		26C613FA214A5BAB00A7FD6E /* Animation.swift */ = {isa = PBXFileReference; lastKnownFileType = sourcecode.swift; path = Animation.swift; sourceTree = "<group>"; };
		26C613FD214A5BC600A7FD6E /* Texturable.swift */ = {isa = PBXFileReference; lastKnownFileType = sourcecode.swift; path = Texturable.swift; sourceTree = "<group>"; };
/* End PBXFileReference section */

/* Begin PBXFrameworksBuildPhase section */
		26C6132721466DF300A7FD6E /* Frameworks */ = {
			isa = PBXFrameworksBuildPhase;
			buildActionMask = 2147483647;
			files = (
			);
			runOnlyForDeploymentPostprocessing = 0;
		};
		26C6133921466DF300A7FD6E /* Frameworks */ = {
			isa = PBXFrameworksBuildPhase;
			buildActionMask = 2147483647;
			files = (
			);
			runOnlyForDeploymentPostprocessing = 0;
		};
/* End PBXFrameworksBuildPhase section */

/* Begin PBXGroup section */
		26C6131C21466DF200A7FD6E = {
			isa = PBXGroup;
			children = (
				26C6132121466DF300A7FD6E /* AMglTF Shared */,
				26C6132C21466DF300A7FD6E /* AMglTF iOS */,
				26C6133D21466DF300A7FD6E /* AMglTF macOS */,
				26C6132B21466DF300A7FD6E /* Products */,
			);
			sourceTree = "<group>";
		};
		26C6132121466DF300A7FD6E /* AMglTF Shared */ = {
			isa = PBXGroup;
			children = (
				26C6132521466DF300A7FD6E /* Assets.xcassets */,
				26C6132321466DF300A7FD6E /* Renderer.swift */,
				26C613562147DBA500A7FD6E /* Shaders */,
				26C613572147DBB400A7FD6E /* Utility */,
				26C6135D2148E22D00A7FD6E /* resources */,
			);
			path = "AMglTF Shared";
			sourceTree = "<group>";
		};
		26C6132B21466DF300A7FD6E /* Products */ = {
			isa = PBXGroup;
			children = (
				26C6132A21466DF300A7FD6E /* AMglTF.app */,
				26C6133C21466DF300A7FD6E /* AMglTF.app */,
			);
			name = Products;
			sourceTree = "<group>";
		};
		26C6132C21466DF300A7FD6E /* AMglTF iOS */ = {
			isa = PBXGroup;
			children = (
				26C6132D21466DF300A7FD6E /* AppDelegate.swift */,
				26C6132F21466DF300A7FD6E /* GameViewController.swift */,
				26C6133121466DF300A7FD6E /* Main.storyboard */,
				26C6133421466DF300A7FD6E /* LaunchScreen.storyboard */,
				26C6133721466DF300A7FD6E /* Info.plist */,
			);
			path = "AMglTF iOS";
			sourceTree = "<group>";
		};
		26C6133D21466DF300A7FD6E /* AMglTF macOS */ = {
			isa = PBXGroup;
			children = (
				26C6133E21466DF300A7FD6E /* AppDelegate.swift */,
				26C6134021466DF300A7FD6E /* GameViewController.swift */,
				26C6134221466DF300A7FD6E /* Main.storyboard */,
				26C6134521466DF300A7FD6E /* Info.plist */,
			);
			path = "AMglTF macOS";
			sourceTree = "<group>";
		};
		26C613562147DBA500A7FD6E /* Shaders */ = {
			isa = PBXGroup;
			children = (
				26C6132421466DF300A7FD6E /* ShaderTypes.h */,
				26C6132221466DF300A7FD6E /* Shaders.metal */,
				26C613682148E5B700A7FD6E /* CharacterShader.metal */,
			);
			path = Shaders;
			sourceTree = "<group>";
		};
		26C613572147DBB400A7FD6E /* Utility */ = {
			isa = PBXGroup;
			children = (
				26C613F0214A5AE400A7FD6E /* glTF Importer */,
				26C613E4214A59E300A7FD6E /* Renderable.swift */,
				26C613712148E89000A7FD6E /* Node.swift */,
				26C613ED214A5A9100A7FD6E /* Prop.swift */,
				26C613EA214A5A1D00A7FD6E /* Submesh.swift */,
				26C613E7214A5A0600A7FD6E /* Character.swift */,
				26C6136E2148E79600A7FD6E /* Camera.swift */,
				26C613742148E94E00A7FD6E /* MathLibrary.swift */,
				26C613FA214A5BAB00A7FD6E /* Animation.swift */,
				26C613FD214A5BC600A7FD6E /* Texturable.swift */,
			);
			path = Utility;
			sourceTree = "<group>";
		};
		26C6135D2148E22D00A7FD6E /* resources */ = {
			isa = PBXGroup;
			children = (
				26C61379214A57E300A7FD6E /* glTF */,
				26C613A1214A57E300A7FD6E /* readme_kizunaai.txt */,
			);
			path = resources;
			sourceTree = "<group>";
		};
		26C61379214A57E300A7FD6E /* glTF */ = {
			isa = PBXGroup;
			children = (
				26C6137A214A57E300A7FD6E /* skeletonWave */,
				26C6137D214A57E300A7FD6E /* BrainStem */,
			);
			path = glTF;
			sourceTree = "<group>";
		};
		26C6137A214A57E300A7FD6E /* skeletonWave */ = {
			isa = PBXGroup;
			children = (
				26C6137B214A57E300A7FD6E /* skeletonWave.bin */,
				26C6137C214A57E300A7FD6E /* skeletonWave.gltf */,
			);
			path = skeletonWave;
			sourceTree = "<group>";
		};
		26C6137D214A57E300A7FD6E /* BrainStem */ = {
			isa = PBXGroup;
			children = (
				26C6137E214A57E300A7FD6E /* BrainStem.gltf */,
			);
			path = BrainStem;
			sourceTree = "<group>";
		};
		26C613F0214A5AE400A7FD6E /* glTF Importer */ = {
			isa = PBXGroup;
			children = (
				26C613F1214A5AE400A7FD6E /* GLTFMathLibrary.swift */,
				26C613F2214A5AE400A7FD6E /* GLTFAsset.swift */,
				26C613F3214A5AE400A7FD6E /* GLTFTypes.swift */,
			);
			path = "glTF Importer";
			sourceTree = "<group>";
		};
/* End PBXGroup section */

/* Begin PBXNativeTarget section */
		26C6132921466DF300A7FD6E /* AMglTF iOS */ = {
			isa = PBXNativeTarget;
			buildConfigurationList = 26C6135021466DF300A7FD6E /* Build configuration list for PBXNativeTarget "AMglTF iOS" */;
			buildPhases = (
				26C6132621466DF300A7FD6E /* Sources */,
				26C6132721466DF300A7FD6E /* Frameworks */,
				26C6132821466DF300A7FD6E /* Resources */,
			);
			buildRules = (
			);
			dependencies = (
			);
			name = "AMglTF iOS";
			productName = "AMglTF iOS";
			productReference = 26C6132A21466DF300A7FD6E /* AMglTF.app */;
			productType = "com.apple.product-type.application";
		};
		26C6133B21466DF300A7FD6E /* AMglTF macOS */ = {
			isa = PBXNativeTarget;
			buildConfigurationList = 26C6135321466DF300A7FD6E /* Build configuration list for PBXNativeTarget "AMglTF macOS" */;
			buildPhases = (
				26C6133821466DF300A7FD6E /* Sources */,
				26C6133921466DF300A7FD6E /* Frameworks */,
				26C6133A21466DF300A7FD6E /* Resources */,
			);
			buildRules = (
			);
			dependencies = (
			);
			name = "AMglTF macOS";
			productName = "AMglTF macOS";
			productReference = 26C6133C21466DF300A7FD6E /* AMglTF.app */;
			productType = "com.apple.product-type.application";
		};
/* End PBXNativeTarget section */

/* Begin PBXProject section */
		26C6131D21466DF200A7FD6E /* Project object */ = {
			isa = PBXProject;
			attributes = {
				LastSwiftUpdateCheck = 1000;
				LastUpgradeCheck = 1000;
				ORGANIZATIONNAME = hyunjun529;
				TargetAttributes = {
					26C6132921466DF300A7FD6E = {
						CreatedOnToolsVersion = 10.0;
					};
					26C6133B21466DF300A7FD6E = {
						CreatedOnToolsVersion = 10.0;
					};
				};
			};
			buildConfigurationList = 26C6132021466DF200A7FD6E /* Build configuration list for PBXProject "AMglTF" */;
			compatibilityVersion = "Xcode 9.3";
			developmentRegion = en;
			hasScannedForEncodings = 0;
			knownRegions = (
				en,
				Base,
			);
			mainGroup = 26C6131C21466DF200A7FD6E;
			productRefGroup = 26C6132B21466DF300A7FD6E /* Products */;
			projectDirPath = "";
			projectRoot = "";
			targets = (
				26C6132921466DF300A7FD6E /* AMglTF iOS */,
				26C6133B21466DF300A7FD6E /* AMglTF macOS */,
			);
		};
/* End PBXProject section */

/* Begin PBXResourcesBuildPhase section */
		26C6132821466DF300A7FD6E /* Resources */ = {
			isa = PBXResourcesBuildPhase;
			buildActionMask = 2147483647;
			files = (
				26C613A4214A57E300A7FD6E /* skeletonWave.gltf in Resources */,
				26C6134A21466DF300A7FD6E /* ShaderTypes.h in Resources */,
				26C613E2214A57E300A7FD6E /* readme_kizunaai.txt in Resources */,
				26C613A6214A57E300A7FD6E /* BrainStem.gltf in Resources */,
				26C6133321466DF300A7FD6E /* Main.storyboard in Resources */,
				26C6134C21466DF300A7FD6E /* Assets.xcassets in Resources */,
				26C6133621466DF300A7FD6E /* LaunchScreen.storyboard in Resources */,
				26C613A2214A57E300A7FD6E /* skeletonWave.bin in Resources */,
			);
			runOnlyForDeploymentPostprocessing = 0;
		};
		26C6133A21466DF300A7FD6E /* Resources */ = {
			isa = PBXResourcesBuildPhase;
			buildActionMask = 2147483647;
			files = (
				26C6134421466DF300A7FD6E /* Main.storyboard in Resources */,
				26C6134D21466DF300A7FD6E /* Assets.xcassets in Resources */,
				26C6134B21466DF300A7FD6E /* ShaderTypes.h in Resources */,
				26C613E3214A57E300A7FD6E /* readme_kizunaai.txt in Resources */,
				26C613A3214A57E300A7FD6E /* skeletonWave.bin in Resources */,
				26C613A7214A57E300A7FD6E /* BrainStem.gltf in Resources */,
				26C613A5214A57E300A7FD6E /* skeletonWave.gltf in Resources */,
			);
			runOnlyForDeploymentPostprocessing = 0;
		};
/* End PBXResourcesBuildPhase section */

/* Begin PBXSourcesBuildPhase section */
		26C6132621466DF300A7FD6E /* Sources */ = {
			isa = PBXSourcesBuildPhase;
			buildActionMask = 2147483647;
			files = (
				26C613EB214A5A1D00A7FD6E /* Submesh.swift in Sources */,
				26C6134821466DF300A7FD6E /* Renderer.swift in Sources */,
				26C613EE214A5A9100A7FD6E /* Prop.swift in Sources */,
				26C6134621466DF300A7FD6E /* Shaders.metal in Sources */,
				26C6136F2148E79600A7FD6E /* Camera.swift in Sources */,
				26C613E5214A59E300A7FD6E /* Renderable.swift in Sources */,
				26C613752148E94E00A7FD6E /* MathLibrary.swift in Sources */,
				26C613692148E5B700A7FD6E /* CharacterShader.metal in Sources */,
				26C6133021466DF300A7FD6E /* GameViewController.swift in Sources */,
				26C613FE214A5BC600A7FD6E /* Texturable.swift in Sources */,
				26C613E8214A5A0600A7FD6E /* Character.swift in Sources */,
				26C613FB214A5BAB00A7FD6E /* Animation.swift in Sources */,
				26C6132E21466DF300A7FD6E /* AppDelegate.swift in Sources */,
				26C613F8214A5AE400A7FD6E /* GLTFTypes.swift in Sources */,
				26C613F6214A5AE400A7FD6E /* GLTFAsset.swift in Sources */,
				26C613F4214A5AE400A7FD6E /* GLTFMathLibrary.swift in Sources */,
				26C613722148E89000A7FD6E /* Node.swift in Sources */,
			);
			runOnlyForDeploymentPostprocessing = 0;
		};
		26C6133821466DF300A7FD6E /* Sources */ = {
			isa = PBXSourcesBuildPhase;
			buildActionMask = 2147483647;
			files = (
				26C613EC214A5A1D00A7FD6E /* Submesh.swift in Sources */,
				26C6134921466DF300A7FD6E /* Renderer.swift in Sources */,
				26C613EF214A5A9100A7FD6E /* Prop.swift in Sources */,
				26C6134721466DF300A7FD6E /* Shaders.metal in Sources */,
				26C613702148E79600A7FD6E /* Camera.swift in Sources */,
				26C613E6214A59E300A7FD6E /* Renderable.swift in Sources */,
				26C613762148E94E00A7FD6E /* MathLibrary.swift in Sources */,
				26C6136A2148E5B700A7FD6E /* CharacterShader.metal in Sources */,
				26C6134121466DF300A7FD6E /* GameViewController.swift in Sources */,
				26C613FF214A5BC600A7FD6E /* Texturable.swift in Sources */,
				26C613E9214A5A0600A7FD6E /* Character.swift in Sources */,
				26C613FC214A5BAB00A7FD6E /* Animation.swift in Sources */,
				26C6133F21466DF300A7FD6E /* AppDelegate.swift in Sources */,
				26C613F9214A5AE400A7FD6E /* GLTFTypes.swift in Sources */,
				26C613F7214A5AE400A7FD6E /* GLTFAsset.swift in Sources */,
				26C613F5214A5AE400A7FD6E /* GLTFMathLibrary.swift in Sources */,
				26C613732148E89000A7FD6E /* Node.swift in Sources */,
			);
			runOnlyForDeploymentPostprocessing = 0;
		};
/* End PBXSourcesBuildPhase section */

/* Begin PBXVariantGroup section */
		26C6133121466DF300A7FD6E /* Main.storyboard */ = {
			isa = PBXVariantGroup;
			children = (
				26C6133221466DF300A7FD6E /* Base */,
				26C613582147EBBD00A7FD6E /* ko */,
			);
			name = Main.storyboard;
			sourceTree = "<group>";
		};
		26C6133421466DF300A7FD6E /* LaunchScreen.storyboard */ = {
			isa = PBXVariantGroup;
			children = (
				26C6133521466DF300A7FD6E /* Base */,
				26C613592147EBBD00A7FD6E /* ko */,
			);
			name = LaunchScreen.storyboard;
			sourceTree = "<group>";
		};
		26C6134221466DF300A7FD6E /* Main.storyboard */ = {
			isa = PBXVariantGroup;
			children = (
				26C6134321466DF300A7FD6E /* Base */,
				26C6135A2147EBBE00A7FD6E /* ko */,
			);
			name = Main.storyboard;
			sourceTree = "<group>";
		};
/* End PBXVariantGroup section */

/* Begin XCBuildConfiguration section */
		26C6134E21466DF300A7FD6E /* Debug */ = {
			isa = XCBuildConfiguration;
			buildSettings = {
				ALWAYS_SEARCH_USER_PATHS = NO;
				CLANG_ANALYZER_LOCALIZABILITY_NONLOCALIZED = YES;
				CLANG_ANALYZER_NONNULL = YES;
				CLANG_ANALYZER_NUMBER_OBJECT_CONVERSION = YES_AGGRESSIVE;
				CLANG_CXX_LANGUAGE_STANDARD = "gnu++14";
				CLANG_CXX_LIBRARY = "libc++";
				CLANG_ENABLE_MODULES = YES;
				CLANG_ENABLE_OBJC_ARC = YES;
				CLANG_ENABLE_OBJC_WEAK = YES;
				CLANG_WARN_BLOCK_CAPTURE_AUTORELEASING = YES;
				CLANG_WARN_BOOL_CONVERSION = YES;
				CLANG_WARN_COMMA = YES;
				CLANG_WARN_CONSTANT_CONVERSION = YES;
				CLANG_WARN_DEPRECATED_OBJC_IMPLEMENTATIONS = YES;
				CLANG_WARN_DIRECT_OBJC_ISA_USAGE = YES_ERROR;
				CLANG_WARN_DOCUMENTATION_COMMENTS = YES;
				CLANG_WARN_EMPTY_BODY = YES;
				CLANG_WARN_ENUM_CONVERSION = YES;
				CLANG_WARN_INFINITE_RECURSION = YES;
				CLANG_WARN_INT_CONVERSION = YES;
				CLANG_WARN_NON_LITERAL_NULL_CONVERSION = YES;
				CLANG_WARN_OBJC_IMPLICIT_RETAIN_SELF = YES;
				CLANG_WARN_OBJC_LITERAL_CONVERSION = YES;
				CLANG_WARN_OBJC_ROOT_CLASS = YES_ERROR;
				CLANG_WARN_RANGE_LOOP_ANALYSIS = YES;
				CLANG_WARN_STRICT_PROTOTYPES = YES;
				CLANG_WARN_SUSPICIOUS_MOVE = YES;
				CLANG_WARN_UNGUARDED_AVAILABILITY = YES_AGGRESSIVE;
				CLANG_WARN_UNREACHABLE_CODE = YES;
				CLANG_WARN__DUPLICATE_METHOD_MATCH = YES;
				COPY_PHASE_STRIP = NO;
				DEBUG_INFORMATION_FORMAT = dwarf;
				ENABLE_STRICT_OBJC_MSGSEND = YES;
				ENABLE_TESTABILITY = YES;
				GCC_C_LANGUAGE_STANDARD = gnu11;
				GCC_DYNAMIC_NO_PIC = NO;
				GCC_NO_COMMON_BLOCKS = YES;
				GCC_OPTIMIZATION_LEVEL = 0;
				GCC_PREPROCESSOR_DEFINITIONS = (
					"DEBUG=1",
					"$(inherited)",
				);
				GCC_WARN_64_TO_32_BIT_CONVERSION = YES;
				GCC_WARN_ABOUT_RETURN_TYPE = YES_ERROR;
				GCC_WARN_UNDECLARED_SELECTOR = YES;
				GCC_WARN_UNINITIALIZED_AUTOS = YES_AGGRESSIVE;
				GCC_WARN_UNUSED_FUNCTION = YES;
				GCC_WARN_UNUSED_VARIABLE = YES;
				MTL_ENABLE_DEBUG_INFO = INCLUDE_SOURCE;
				MTL_FAST_MATH = YES;
				ONLY_ACTIVE_ARCH = YES;
				SWIFT_ACTIVE_COMPILATION_CONDITIONS = DEBUG;
				SWIFT_OPTIMIZATION_LEVEL = "-Onone";
			};
			name = Debug;
		};
		26C6134F21466DF300A7FD6E /* Release */ = {
			isa = XCBuildConfiguration;
			buildSettings = {
				ALWAYS_SEARCH_USER_PATHS = NO;
				CLANG_ANALYZER_LOCALIZABILITY_NONLOCALIZED = YES;
				CLANG_ANALYZER_NONNULL = YES;
				CLANG_ANALYZER_NUMBER_OBJECT_CONVERSION = YES_AGGRESSIVE;
				CLANG_CXX_LANGUAGE_STANDARD = "gnu++14";
				CLANG_CXX_LIBRARY = "libc++";
				CLANG_ENABLE_MODULES = YES;
				CLANG_ENABLE_OBJC_ARC = YES;
				CLANG_ENABLE_OBJC_WEAK = YES;
				CLANG_WARN_BLOCK_CAPTURE_AUTORELEASING = YES;
				CLANG_WARN_BOOL_CONVERSION = YES;
				CLANG_WARN_COMMA = YES;
				CLANG_WARN_CONSTANT_CONVERSION = YES;
				CLANG_WARN_DEPRECATED_OBJC_IMPLEMENTATIONS = YES;
				CLANG_WARN_DIRECT_OBJC_ISA_USAGE = YES_ERROR;
				CLANG_WARN_DOCUMENTATION_COMMENTS = YES;
				CLANG_WARN_EMPTY_BODY = YES;
				CLANG_WARN_ENUM_CONVERSION = YES;
				CLANG_WARN_INFINITE_RECURSION = YES;
				CLANG_WARN_INT_CONVERSION = YES;
				CLANG_WARN_NON_LITERAL_NULL_CONVERSION = YES;
				CLANG_WARN_OBJC_IMPLICIT_RETAIN_SELF = YES;
				CLANG_WARN_OBJC_LITERAL_CONVERSION = YES;
				CLANG_WARN_OBJC_ROOT_CLASS = YES_ERROR;
				CLANG_WARN_RANGE_LOOP_ANALYSIS = YES;
				CLANG_WARN_STRICT_PROTOTYPES = YES;
				CLANG_WARN_SUSPICIOUS_MOVE = YES;
				CLANG_WARN_UNGUARDED_AVAILABILITY = YES_AGGRESSIVE;
				CLANG_WARN_UNREACHABLE_CODE = YES;
				CLANG_WARN__DUPLICATE_METHOD_MATCH = YES;
				COPY_PHASE_STRIP = NO;
				DEBUG_INFORMATION_FORMAT = "dwarf-with-dsym";
				ENABLE_NS_ASSERTIONS = NO;
				ENABLE_STRICT_OBJC_MSGSEND = YES;
				GCC_C_LANGUAGE_STANDARD = gnu11;
				GCC_NO_COMMON_BLOCKS = YES;
				GCC_WARN_64_TO_32_BIT_CONVERSION = YES;
				GCC_WARN_ABOUT_RETURN_TYPE = YES_ERROR;
				GCC_WARN_UNDECLARED_SELECTOR = YES;
				GCC_WARN_UNINITIALIZED_AUTOS = YES_AGGRESSIVE;
				GCC_WARN_UNUSED_FUNCTION = YES;
				GCC_WARN_UNUSED_VARIABLE = YES;
				MTL_ENABLE_DEBUG_INFO = NO;
				MTL_FAST_MATH = YES;
				SWIFT_COMPILATION_MODE = wholemodule;
				SWIFT_OPTIMIZATION_LEVEL = "-O";
			};
			name = Release;
		};
		26C6135121466DF300A7FD6E /* Debug */ = {
			isa = XCBuildConfiguration;
			buildSettings = {
				ASSETCATALOG_COMPILER_APPICON_NAME = AppIcon;
				CODE_SIGN_IDENTITY = "iPhone Developer";
				CODE_SIGN_STYLE = Automatic;
				DEVELOPMENT_TEAM = 3R3R2TR55F;
				INFOPLIST_FILE = "AMglTF iOS/Info.plist";
				IPHONEOS_DEPLOYMENT_TARGET = 12.0;
				LD_RUNPATH_SEARCH_PATHS = (
					"$(inherited)",
					"@executable_path/Frameworks",
				);
				PRODUCT_BUNDLE_IDENTIFIER = net.p316.AMglTF;
				PRODUCT_NAME = AMglTF;
				SDKROOT = iphoneos;
				SWIFT_OBJC_BRIDGING_HEADER = "AMglTF Shared/Shaders/ShaderTypes.h";
				SWIFT_VERSION = 4.2;
				TARGETED_DEVICE_FAMILY = "1,2";
			};
			name = Debug;
		};
		26C6135221466DF300A7FD6E /* Release */ = {
			isa = XCBuildConfiguration;
			buildSettings = {
				ASSETCATALOG_COMPILER_APPICON_NAME = AppIcon;
				CODE_SIGN_IDENTITY = "iPhone Developer";
				CODE_SIGN_STYLE = Automatic;
				DEVELOPMENT_TEAM = 3R3R2TR55F;
				INFOPLIST_FILE = "AMglTF iOS/Info.plist";
				IPHONEOS_DEPLOYMENT_TARGET = 12.0;
				LD_RUNPATH_SEARCH_PATHS = (
					"$(inherited)",
					"@executable_path/Frameworks",
				);
				PRODUCT_BUNDLE_IDENTIFIER = net.p316.AMglTF;
				PRODUCT_NAME = AMglTF;
				SDKROOT = iphoneos;
				SWIFT_OBJC_BRIDGING_HEADER = "AMglTF Shared/Shaders/ShaderTypes.h";
				SWIFT_VERSION = 4.2;
				TARGETED_DEVICE_FAMILY = "1,2";
				VALIDATE_PRODUCT = YES;
			};
			name = Release;
		};
		26C6135421466DF300A7FD6E /* Debug */ = {
			isa = XCBuildConfiguration;
			buildSettings = {
				ASSETCATALOG_COMPILER_APPICON_NAME = AppIcon;
				CODE_SIGN_IDENTITY = "-";
				CODE_SIGN_STYLE = Automatic;
				COMBINE_HIDPI_IMAGES = YES;
				DEVELOPMENT_TEAM = 3R3R2TR55F;
				INFOPLIST_FILE = "AMglTF macOS/Info.plist";
				LD_RUNPATH_SEARCH_PATHS = (
					"$(inherited)",
					"@executable_path/../Frameworks",
				);
				MACOSX_DEPLOYMENT_TARGET = 10.14;
				PRODUCT_BUNDLE_IDENTIFIER = net.p316.AMglTF;
				PRODUCT_NAME = AMglTF;
				SDKROOT = macosx;
				SWIFT_INSTALL_OBJC_HEADER = YES;
				SWIFT_OBJC_BRIDGING_HEADER = "AMglTF Shared/Shaders/ShaderTypes.h";
				SWIFT_PRECOMPILE_BRIDGING_HEADER = YES;
				SWIFT_VERSION = 4.2;
			};
			name = Debug;
		};
		26C6135521466DF300A7FD6E /* Release */ = {
			isa = XCBuildConfiguration;
			buildSettings = {
				ASSETCATALOG_COMPILER_APPICON_NAME = AppIcon;
				CODE_SIGN_IDENTITY = "-";
				CODE_SIGN_STYLE = Automatic;
				COMBINE_HIDPI_IMAGES = YES;
				DEVELOPMENT_TEAM = 3R3R2TR55F;
				INFOPLIST_FILE = "AMglTF macOS/Info.plist";
				LD_RUNPATH_SEARCH_PATHS = (
					"$(inherited)",
					"@executable_path/../Frameworks",
				);
				MACOSX_DEPLOYMENT_TARGET = 10.14;
				PRODUCT_BUNDLE_IDENTIFIER = net.p316.AMglTF;
				PRODUCT_NAME = AMglTF;
				SDKROOT = macosx;
				SWIFT_INSTALL_OBJC_HEADER = YES;
				SWIFT_OBJC_BRIDGING_HEADER = "AMglTF Shared/Shaders/ShaderTypes.h";
				SWIFT_PRECOMPILE_BRIDGING_HEADER = YES;
				SWIFT_VERSION = 4.2;
			};
			name = Release;
		};
/* End XCBuildConfiguration section */

/* Begin XCConfigurationList section */
		26C6132021466DF200A7FD6E /* Build configuration list for PBXProject "AMglTF" */ = {
			isa = XCConfigurationList;
			buildConfigurations = (
				26C6134E21466DF300A7FD6E /* Debug */,
				26C6134F21466DF300A7FD6E /* Release */,
			);
			defaultConfigurationIsVisible = 0;
			defaultConfigurationName = Release;
		};
		26C6135021466DF300A7FD6E /* Build configuration list for PBXNativeTarget "AMglTF iOS" */ = {
			isa = XCConfigurationList;
			buildConfigurations = (
				26C6135121466DF300A7FD6E /* Debug */,
				26C6135221466DF300A7FD6E /* Release */,
			);
			defaultConfigurationIsVisible = 0;
			defaultConfigurationName = Release;
		};
		26C6135321466DF300A7FD6E /* Build configuration list for PBXNativeTarget "AMglTF macOS" */ = {
			isa = XCConfigurationList;
			buildConfigurations = (
				26C6135421466DF300A7FD6E /* Debug */,
				26C6135521466DF300A7FD6E /* Release */,
			);
			defaultConfigurationIsVisible = 0;
			defaultConfigurationName = Release;
		};
/* End XCConfigurationList section */
	};
	rootObject = 26C6131D21466DF200A7FD6E /* Project object */;
}
